
Microsoft Visual Studio Solution File, Format Version 12.00
# Visual Studio Version 17
VisualStudioVersion = 17.11.35219.272
MinimumVisualStudioVersion = 10.0.40219.1
Project("{FAE04EC0-301F-11D3-BF4B-00C04F79EFBC}") = "Uppgift_3_5", "Uppgift_3_5\Uppgift_3_5.csproj", "{7424361D-E839-4CBD-A4C5-8E0182C73024}"
EndProject
Global
	GlobalSection(SolutionConfigurationPlatforms) = preSolution
		Debug|Any CPU = Debug|Any CPU
		Release|Any CPU = Release|Any CPU
	EndGlobalSection
	GlobalSection(ProjectConfigurationPlatforms) = postSolution
		{7424361D-E839-4CBD-A4C5-8E0182C73024}.Debug|Any CPU.ActiveCfg = Debug|Any CPU
		{7424361D-E839-4CBD-A4C5-8E0182C73024}.Debug|Any CPU.Build.0 = Debug|Any CPU
		{7424361D-E839-4CBD-A4C5-8E0182C73024}.Release|Any CPU.ActiveCfg = Release|Any CPU
		{7424361D-E839-4CBD-A4C5-8E0182C73024}.Release|Any CPU.Build.0 = Release|Any CPU
	EndGlobalSection
	GlobalSection(SolutionProperties) = preSolution
		HideSolutionNode = FALSE
	EndGlobalSection
	GlobalSection(ExtensibilityGlobals) = postSolution
		SolutionGuid = {B2FE498B-176A-4F81-A848-E64B69521DD1}
	EndGlobalSection
EndGlobal
